
Microsoft Visual Studio Solution File, Format Version 12.00
# Visual Studio Version 16
VisualStudioVersion = 16.0.32929.386
MinimumVisualStudioVersion = 10.0.40219.1
Project("{FAE04EC0-301F-11D3-BF4B-00C04F79EFBC}") = "WindowsFormsApp2", "WindowsFormsApp2\WindowsFormsApp2.csproj", "{CB64C06A-50A4-44C8-9A62-F1C4D2932C60}"
EndProject
Global
	GlobalSection(SolutionConfigurationPlatforms) = preSolution
		Debug|Any CPU = Debug|Any CPU
		Release|Any CPU = Release|Any CPU
	EndGlobalSection
	GlobalSection(ProjectConfigurationPlatforms) = postSolution
		{CB64C06A-50A4-44C8-9A62-F1C4D2932C60}.Debug|Any CPU.ActiveCfg = Debug|Any CPU
		{CB64C06A-50A4-44C8-9A62-F1C4D2932C60}.Debug|Any CPU.Build.0 = Debug|Any CPU
		{CB64C06A-50A4-44C8-9A62-F1C4D2932C60}.Release|Any CPU.ActiveCfg = Release|Any CPU
		{CB64C06A-50A4-44C8-9A62-F1C4D2932C60}.Release|Any CPU.Build.0 = Release|Any CPU
	EndGlobalSection
	GlobalSection(SolutionProperties) = preSolution
		HideSolutionNode = FALSE
	EndGlobalSection
	GlobalSection(ExtensibilityGlobals) = postSolution
		SolutionGuid = {B7B4C6AE-24A1-4447-9AB8-43D2A5E03615}
	EndGlobalSection
EndGlobal
using System;
using System.Collections.Generic;
using System.ComponentModel;
using System.Data;
using System.Drawing;
using System.Linq;
using System.Text;
using System.Threading.Tasks;
using System.Windows.Forms;

namespace WindowsFormsApp2
{
    public partial class Form1 : Form
    {
        double FirstNumber;
        string Operation;
        public Form1()
        {
            InitializeComponent();
        }

        private void Form1_Load(object sender, EventArgs e)
        {

        }

        private void button1_Click(object sender, EventArgs e)
        {
            if (textBox1.Text == "0" && textBox1.Text != null)
            {
                textBox1.Text = "1";
            }
            else
            {
                textBox1.Text = textBox1.Text + "1";
            }
        }

        private void button2_Click(object sender, EventArgs e)
        {
            if (textBox1.Text == "0" && textBox1.Text != null)
            {
                textBox1.Text = "2";
            }
            else
            {
                textBox1.Text = textBox1.Text + "2";
            }
        }

        private void button3_Click(object sender, EventArgs e)
        {
            if (textBox1.Text == "0" && textBox1.Text != null)
            {
                textBox1.Text = "3";
            }
            else
            {
                textBox1.Text = textBox1.Text + "3";
            }
        }

        private void button4_Click(object sender, EventArgs e)
        {
            if (textBox1.Text == "0" && textBox1.Text != null)
            {
                textBox1.Text = "4";
            }
            else
            {
                textBox1.Text = textBox1.Text + "4";
            }
        }

        private void button5_Click(object sender, EventArgs e)
        {
            if (textBox1.Text == "0" && textBox1.Text != null)
            {
                textBox1.Text = "5";
            }
            else
            {
                textBox1.Text = textBox1.Text + "5";
            }
        }

        private void button7_Click(object sender, EventArgs e)
        {
            if (textBox1.Text == "0" && textBox1.Text != null)
            {
                textBox1.Text = "6";
            }
            else
            {
                textBox1.Text = textBox1.Text + "6";
            }
        }

        private void button8_Click(object sender, EventArgs e)
        {
            if (textBox1.Text == "0" && textBox1.Text != null)
            {
                textBox1.Text = "7";
            }
            else
            {
                textBox1.Text = textBox1.Text + "7";
            }
        }

        private void button9_Click(object sender, EventArgs e)
        {
            if (textBox1.Text == "0" && textBox1.Text != null)
            {
                textBox1.Text = "8";
            }
            else
            {
                textBox1.Text = textBox1.Text + "8";
            }
        }

        private void button10_Click(object sender, EventArgs e)
        {
            if (textBox1.Text == "" && textBox1.Text != null)
            {
                textBox1.Text = "9";
            }
            else
            {
                textBox1.Text = textBox1.Text + "9";
            }
        }

        private void button11_Click(object sender, EventArgs e)
        {
            textBox1.Text = textBox1.Text + "0";
        }

        private void button12_Click(object sender, EventArgs e)
        {
            FirstNumber = Convert.ToDouble(textBox1.Text);
            textBox1.Text = "0";
            Operation = "+";
        }

        private void button13_Click(object sender, EventArgs e)
        {
            FirstNumber = Convert.ToDouble(textBox1.Text);
            textBox1.Text = "0";
            Operation = "-";
        }

        private void button14_Click(object sender, EventArgs e)
        {
            FirstNumber = Convert.ToDouble(textBox1.Text);
            textBox1.Text = "0";
            Operation = "*";
        }
	private void button15_Click(object sender, EventArgs e)
        {
            FirstNumber = Convert.ToDouble(textBox1.Text);
            textBox1.Text = "0";
            Operation = "/";
        }

        private void button16_Click(object sender, EventArgs e)
        {
            textBox1.Text = "0";
        }

        private void button17_Click(object sender, EventArgs e)
        {
            textBox1.Text = textBox1.Text + ".";

        }

        private void button18_Click(object sender, EventArgs e)
        {
            double SecondNumber;
            double Result;

            SecondNumber = Convert.ToDouble(textBox1.Text);

            if (Operation == "+")
            {
                Result = (FirstNumber + SecondNumber);
                textBox1.Text = Convert.ToString(Result);
                FirstNumber = Result;
            }
            if (Operation == "-")
            {
                Result = (FirstNumber - SecondNumber);
                textBox1.Text = Convert.ToString(Result);
                FirstNumber = Result;
            }
            if (Operation == "*")
            {
                Result = (FirstNumber * SecondNumber);
                textBox1.Text = Convert.ToString(Result);
                FirstNumber = Result;
            }
            if (Operation == "/")
            {
                if (SecondNumber == 0)
                {
                    textBox1.Text = "Cannot divide by zero";

                }
                else
                {
                    Result = (FirstNumber / SecondNumber);
                    textBox1.Text = Convert.ToString(Result);
                    FirstNumber = Result;
                }
            }
        }
    }
}
